
Microsoft Visual Studio Solution File, Format Version 12.00
# Visual Studio Version 16
VisualStudioVersion = 16.0.31410.357
MinimumVisualStudioVersion = 10.0.40219.1
Project("{FAE04EC0-301F-11D3-BF4B-00C04F79EFBC}") = "GameCodingNight", "GameCodingNight\GameCodingNight.csproj", "{884E3725-C3A8-4157-9B3A-36606C0189BF}"
EndProject
Global
	GlobalSection(SolutionConfigurationPlatforms) = preSolution
		Debug|Any CPU = Debug|Any CPU
		Release|Any CPU = Release|Any CPU
	EndGlobalSection
	GlobalSection(ProjectConfigurationPlatforms) = postSolution
		{884E3725-C3A8-4157-9B3A-36606C0189BF}.Debug|Any CPU.ActiveCfg = Debug|Any CPU
		{884E3725-C3A8-4157-9B3A-36606C0189BF}.Debug|Any CPU.Build.0 = Debug|Any CPU
		{884E3725-C3A8-4157-9B3A-36606C0189BF}.Release|Any CPU.ActiveCfg = Release|Any CPU
		{884E3725-C3A8-4157-9B3A-36606C0189BF}.Release|Any CPU.Build.0 = Release|Any CPU
	EndGlobalSection
	GlobalSection(SolutionProperties) = preSolution
		HideSolutionNode = FALSE
	EndGlobalSection
	GlobalSection(ExtensibilityGlobals) = postSolution
		SolutionGuid = {D077A52B-3642-4C2F-A33A-E73366CCA0CC}
	EndGlobalSection
EndGlobal
